
Microsoft Visual Studio Solution File, Format Version 12.00
# Visual Studio Version 17
VisualStudioVersion = 17.5.33627.172
MinimumVisualStudioVersion = 10.0.40219.1
Project("{9A19103F-16F7-4668-BE54-9A1E7A4F7556}") = "Begginer", "Begginer\Begginer.csproj", "{A5BDAA9A-6201-4DA8-A06C-B60BACF80C37}"
EndProject
Project("{9A19103F-16F7-4668-BE54-9A1E7A4F7556}") = "OOP", "OOP\OOP.csproj", "{AB086C29-E2F1-4C38-BB39-8E5F7645F7E0}"
EndProject
Project("{9A19103F-16F7-4668-BE54-9A1E7A4F7556}") = "Calculator", "Calculator\Calculator.csproj", "{89EFA1B6-B4A9-4D86-8BAA-3DE25867D253}"
EndProject
Project("{9A19103F-16F7-4668-BE54-9A1E7A4F7556}") = "Inheritance", "Inheritance\Inheritance.csproj", "{913C5259-C992-43E0-989F-B5C04B61B573}"
EndProject
Project("{9A19103F-16F7-4668-BE54-9A1E7A4F7556}") = "Abstraction", "Abstraction\Abstraction.csproj", "{C6693E26-A412-4CAC-ABD4-1647C86826BC}"
EndProject
Project("{9A19103F-16F7-4668-BE54-9A1E7A4F7556}") = "Interfaces", "Interfaces\Interfaces.csproj", "{986F1707-9540-4DB1-968E-422B9237D84F}"
EndProject
Project("{FAE04EC0-301F-11D3-BF4B-00C04F79EFBC}") = "Advanced", "Advanced\Advanced.csproj", "{12E97D96-BF53-4D0E-BE66-989F620D2CE2}"
EndProject
Project("{FAE04EC0-301F-11D3-BF4B-00C04F79EFBC}") = "Delegates", "Delegates\Delegates.csproj", "{4EF8D9FD-0EEE-4AAB-B446-FDA479CE63D1}"
EndProject
Project("{FAE04EC0-301F-11D3-BF4B-00C04F79EFBC}") = "LambdaExpression", "LambdaExpression\LambdaExpression.csproj", "{2F324304-9B4F-4B59-B48B-A5C69DFFA67B}"
EndProject
Project("{FAE04EC0-301F-11D3-BF4B-00C04F79EFBC}") = "Events", "Events\Events.csproj", "{534703A4-8A65-4F2E-87DC-CB3CA473125D}"
EndProject
Global
	GlobalSection(SolutionConfigurationPlatforms) = preSolution
		Debug|Any CPU = Debug|Any CPU
		Release|Any CPU = Release|Any CPU
	EndGlobalSection
	GlobalSection(ProjectConfigurationPlatforms) = postSolution
		{A5BDAA9A-6201-4DA8-A06C-B60BACF80C37}.Debug|Any CPU.ActiveCfg = Debug|Any CPU
		{A5BDAA9A-6201-4DA8-A06C-B60BACF80C37}.Debug|Any CPU.Build.0 = Debug|Any CPU
		{A5BDAA9A-6201-4DA8-A06C-B60BACF80C37}.Release|Any CPU.ActiveCfg = Release|Any CPU
		{A5BDAA9A-6201-4DA8-A06C-B60BACF80C37}.Release|Any CPU.Build.0 = Release|Any CPU
		{AB086C29-E2F1-4C38-BB39-8E5F7645F7E0}.Debug|Any CPU.ActiveCfg = Debug|Any CPU
		{AB086C29-E2F1-4C38-BB39-8E5F7645F7E0}.Debug|Any CPU.Build.0 = Debug|Any CPU
		{AB086C29-E2F1-4C38-BB39-8E5F7645F7E0}.Release|Any CPU.ActiveCfg = Release|Any CPU
		{AB086C29-E2F1-4C38-BB39-8E5F7645F7E0}.Release|Any CPU.Build.0 = Release|Any CPU
		{89EFA1B6-B4A9-4D86-8BAA-3DE25867D253}.Debug|Any CPU.ActiveCfg = Debug|Any CPU
		{89EFA1B6-B4A9-4D86-8BAA-3DE25867D253}.Debug|Any CPU.Build.0 = Debug|Any CPU
		{89EFA1B6-B4A9-4D86-8BAA-3DE25867D253}.Release|Any CPU.ActiveCfg = Release|Any CPU
		{89EFA1B6-B4A9-4D86-8BAA-3DE25867D253}.Release|Any CPU.Build.0 = Release|Any CPU
		{913C5259-C992-43E0-989F-B5C04B61B573}.Debug|Any CPU.ActiveCfg = Debug|Any CPU
		{913C5259-C992-43E0-989F-B5C04B61B573}.Debug|Any CPU.Build.0 = Debug|Any CPU
		{913C5259-C992-43E0-989F-B5C04B61B573}.Release|Any CPU.ActiveCfg = Release|Any CPU
		{913C5259-C992-43E0-989F-B5C04B61B573}.Release|Any CPU.Build.0 = Release|Any CPU
		{C6693E26-A412-4CAC-ABD4-1647C86826BC}.Debug|Any CPU.ActiveCfg = Debug|Any CPU
		{C6693E26-A412-4CAC-ABD4-1647C86826BC}.Debug|Any CPU.Build.0 = Debug|Any CPU
		{C6693E26-A412-4CAC-ABD4-1647C86826BC}.Release|Any CPU.ActiveCfg = Release|Any CPU
		{C6693E26-A412-4CAC-ABD4-1647C86826BC}.Release|Any CPU.Build.0 = Release|Any CPU
		{986F1707-9540-4DB1-968E-422B9237D84F}.Debug|Any CPU.ActiveCfg = Debug|Any CPU
		{986F1707-9540-4DB1-968E-422B9237D84F}.Debug|Any CPU.Build.0 = Debug|Any CPU
		{986F1707-9540-4DB1-968E-422B9237D84F}.Release|Any CPU.ActiveCfg = Release|Any CPU
		{986F1707-9540-4DB1-968E-422B9237D84F}.Release|Any CPU.Build.0 = Release|Any CPU
		{12E97D96-BF53-4D0E-BE66-989F620D2CE2}.Debug|Any CPU.ActiveCfg = Debug|Any CPU
		{12E97D96-BF53-4D0E-BE66-989F620D2CE2}.Debug|Any CPU.Build.0 = Debug|Any CPU
		{12E97D96-BF53-4D0E-BE66-989F620D2CE2}.Release|Any CPU.ActiveCfg = Release|Any CPU
		{12E97D96-BF53-4D0E-BE66-989F620D2CE2}.Release|Any CPU.Build.0 = Release|Any CPU
		{4EF8D9FD-0EEE-4AAB-B446-FDA479CE63D1}.Debug|Any CPU.ActiveCfg = Debug|Any CPU
		{4EF8D9FD-0EEE-4AAB-B446-FDA479CE63D1}.Debug|Any CPU.Build.0 = Debug|Any CPU
		{4EF8D9FD-0EEE-4AAB-B446-FDA479CE63D1}.Release|Any CPU.ActiveCfg = Release|Any CPU
		{4EF8D9FD-0EEE-4AAB-B446-FDA479CE63D1}.Release|Any CPU.Build.0 = Release|Any CPU
		{2F324304-9B4F-4B59-B48B-A5C69DFFA67B}.Debug|Any CPU.ActiveCfg = Debug|Any CPU
		{2F324304-9B4F-4B59-B48B-A5C69DFFA67B}.Debug|Any CPU.Build.0 = Debug|Any CPU
		{2F324304-9B4F-4B59-B48B-A5C69DFFA67B}.Release|Any CPU.ActiveCfg = Release|Any CPU
		{2F324304-9B4F-4B59-B48B-A5C69DFFA67B}.Release|Any CPU.Build.0 = Release|Any CPU
		{534703A4-8A65-4F2E-87DC-CB3CA473125D}.Debug|Any CPU.ActiveCfg = Debug|Any CPU
		{534703A4-8A65-4F2E-87DC-CB3CA473125D}.Debug|Any CPU.Build.0 = Debug|Any CPU
		{534703A4-8A65-4F2E-87DC-CB3CA473125D}.Release|Any CPU.ActiveCfg = Release|Any CPU
		{534703A4-8A65-4F2E-87DC-CB3CA473125D}.Release|Any CPU.Build.0 = Release|Any CPU
	EndGlobalSection
	GlobalSection(SolutionProperties) = preSolution
		HideSolutionNode = FALSE
	EndGlobalSection
	GlobalSection(ExtensibilityGlobals) = postSolution
		SolutionGuid = {F9DCE61E-3219-437A-AACD-31D10660377A}
	EndGlobalSection
EndGlobal
